
Microsoft Visual Studio Solution File, Format Version 12.00
# Visual Studio Version 17
VisualStudioVersion = 17.7.34031.279
MinimumVisualStudioVersion = 10.0.40219.1
Project("{2150E333-8FDC-42A3-9474-1A3956D46DE8}") = "src", "src", "{65781F0F-1563-42F1-97C7-6EE4AAF444FC}"
EndProject
Project("{2150E333-8FDC-42A3-9474-1A3956D46DE8}") = "test", "test", "{40319800-92BF-4B7E-86C0-CD817E6CD769}"
EndProject
Project("{2150E333-8FDC-42A3-9474-1A3956D46DE8}") = "Core", "Core", "{79E3EB50-DFA7-4773-A9FE-57B3CA39B6E7}"
EndProject
Project("{9A19103F-16F7-4668-BE54-9A1E7A4F7556}") = "Medicoz.Application", "Medicoz.Application\Medicoz.Application.csproj", "{C0E3B6D0-DE1B-4924-A175-507DCD661D11}"
EndProject
Project("{9A19103F-16F7-4668-BE54-9A1E7A4F7556}") = "Medicoz.Domain", "Medicoz.Domain\Medicoz.Domain.csproj", "{EF9F3911-A7AB-4E52-94E4-735FBC20B6B8}"
EndProject
Project("{2150E333-8FDC-42A3-9474-1A3956D46DE8}") = "Infrastructure", "Infrastructure", "{98CF520A-C5D1-4014-9E6B-1DD44A705B82}"
EndProject
Project("{9A19103F-16F7-4668-BE54-9A1E7A4F7556}") = "Medicoz.Identity", "Medicoz.Identity\Medicoz.Identity.csproj", "{4E321640-7F42-41F7-9C92-BDEE80E75ABA}"
EndProject
Project("{9A19103F-16F7-4668-BE54-9A1E7A4F7556}") = "Medicoz.Infrastructure", "Medicoz.Infrastructure\Medicoz.Infrastructure.csproj", "{0AF47C4D-5211-470F-827A-0BC74E762E07}"
EndProject
Project("{9A19103F-16F7-4668-BE54-9A1E7A4F7556}") = "Medicoz.Persistence", "Medicoz.Persistence\Medicoz.Persistence.csproj", "{BE7E065E-B82D-449E-B7F2-DC1B2EB940A2}"
EndProject
Project("{2150E333-8FDC-42A3-9474-1A3956D46DE8}") = "MVC", "MVC", "{8C18DCD3-14C3-4931-A7E3-06E8D75642A0}"
EndProject
Project("{9A19103F-16F7-4668-BE54-9A1E7A4F7556}") = "Medicoz.MVC", "Medicoz.MVC\Medicoz.MVC.csproj", "{2018CFA7-BE8A-4396-984C-ABA6BADD0BC5}"
EndProject
Project("{FAE04EC0-301F-11D3-BF4B-00C04F79EFBC}") = "Medicoz.Application.UnitTests", "Medicoz.Application.UnitTests\Medicoz.Application.UnitTests.csproj", "{EF8EC85E-1465-4670-89DE-37E567A5A093}"
EndProject
Project("{FAE04EC0-301F-11D3-BF4B-00C04F79EFBC}") = "Medicoz.Persistence.IntegrationTests", "Medicoz.Persistence.IntegrationTests\Medicoz.Persistence.IntegrationTests.csproj", "{FD953141-221C-46F2-9BDA-2BE46A628FCE}"
EndProject
Global
	GlobalSection(SolutionConfigurationPlatforms) = preSolution
		Debug|Any CPU = Debug|Any CPU
		Release|Any CPU = Release|Any CPU
	EndGlobalSection
	GlobalSection(ProjectConfigurationPlatforms) = postSolution
		{C0E3B6D0-DE1B-4924-A175-507DCD661D11}.Debug|Any CPU.ActiveCfg = Debug|Any CPU
		{C0E3B6D0-DE1B-4924-A175-507DCD661D11}.Debug|Any CPU.Build.0 = Debug|Any CPU
		{C0E3B6D0-DE1B-4924-A175-507DCD661D11}.Release|Any CPU.ActiveCfg = Release|Any CPU
		{C0E3B6D0-DE1B-4924-A175-507DCD661D11}.Release|Any CPU.Build.0 = Release|Any CPU
		{EF9F3911-A7AB-4E52-94E4-735FBC20B6B8}.Debug|Any CPU.ActiveCfg = Debug|Any CPU
		{EF9F3911-A7AB-4E52-94E4-735FBC20B6B8}.Debug|Any CPU.Build.0 = Debug|Any CPU
		{EF9F3911-A7AB-4E52-94E4-735FBC20B6B8}.Release|Any CPU.ActiveCfg = Release|Any CPU
		{EF9F3911-A7AB-4E52-94E4-735FBC20B6B8}.Release|Any CPU.Build.0 = Release|Any CPU
		{4E321640-7F42-41F7-9C92-BDEE80E75ABA}.Debug|Any CPU.ActiveCfg = Debug|Any CPU
		{4E321640-7F42-41F7-9C92-BDEE80E75ABA}.Debug|Any CPU.Build.0 = Debug|Any CPU
		{4E321640-7F42-41F7-9C92-BDEE80E75ABA}.Release|Any CPU.ActiveCfg = Release|Any CPU
		{4E321640-7F42-41F7-9C92-BDEE80E75ABA}.Release|Any CPU.Build.0 = Release|Any CPU
		{0AF47C4D-5211-470F-827A-0BC74E762E07}.Debug|Any CPU.ActiveCfg = Debug|Any CPU
		{0AF47C4D-5211-470F-827A-0BC74E762E07}.Debug|Any CPU.Build.0 = Debug|Any CPU
		{0AF47C4D-5211-470F-827A-0BC74E762E07}.Release|Any CPU.ActiveCfg = Release|Any CPU
		{0AF47C4D-5211-470F-827A-0BC74E762E07}.Release|Any CPU.Build.0 = Release|Any CPU
		{BE7E065E-B82D-449E-B7F2-DC1B2EB940A2}.Debug|Any CPU.ActiveCfg = Debug|Any CPU
		{BE7E065E-B82D-449E-B7F2-DC1B2EB940A2}.Debug|Any CPU.Build.0 = Debug|Any CPU
		{BE7E065E-B82D-449E-B7F2-DC1B2EB940A2}.Release|Any CPU.ActiveCfg = Release|Any CPU
		{BE7E065E-B82D-449E-B7F2-DC1B2EB940A2}.Release|Any CPU.Build.0 = Release|Any CPU
		{2018CFA7-BE8A-4396-984C-ABA6BADD0BC5}.Debug|Any CPU.ActiveCfg = Debug|Any CPU
		{2018CFA7-BE8A-4396-984C-ABA6BADD0BC5}.Debug|Any CPU.Build.0 = Debug|Any CPU
		{2018CFA7-BE8A-4396-984C-ABA6BADD0BC5}.Release|Any CPU.ActiveCfg = Release|Any CPU
		{2018CFA7-BE8A-4396-984C-ABA6BADD0BC5}.Release|Any CPU.Build.0 = Release|Any CPU
		{EF8EC85E-1465-4670-89DE-37E567A5A093}.Debug|Any CPU.ActiveCfg = Debug|Any CPU
		{EF8EC85E-1465-4670-89DE-37E567A5A093}.Debug|Any CPU.Build.0 = Debug|Any CPU
		{EF8EC85E-1465-4670-89DE-37E567A5A093}.Release|Any CPU.ActiveCfg = Release|Any CPU
		{EF8EC85E-1465-4670-89DE-37E567A5A093}.Release|Any CPU.Build.0 = Release|Any CPU
		{FD953141-221C-46F2-9BDA-2BE46A628FCE}.Debug|Any CPU.ActiveCfg = Debug|Any CPU
		{FD953141-221C-46F2-9BDA-2BE46A628FCE}.Debug|Any CPU.Build.0 = Debug|Any CPU
		{FD953141-221C-46F2-9BDA-2BE46A628FCE}.Release|Any CPU.ActiveCfg = Release|Any CPU
		{FD953141-221C-46F2-9BDA-2BE46A628FCE}.Release|Any CPU.Build.0 = Release|Any CPU
	EndGlobalSection
	GlobalSection(SolutionProperties) = preSolution
		HideSolutionNode = FALSE
	EndGlobalSection
	GlobalSection(NestedProjects) = preSolution
		{79E3EB50-DFA7-4773-A9FE-57B3CA39B6E7} = {65781F0F-1563-42F1-97C7-6EE4AAF444FC}
		{C0E3B6D0-DE1B-4924-A175-507DCD661D11} = {79E3EB50-DFA7-4773-A9FE-57B3CA39B6E7}
		{EF9F3911-A7AB-4E52-94E4-735FBC20B6B8} = {79E3EB50-DFA7-4773-A9FE-57B3CA39B6E7}
		{98CF520A-C5D1-4014-9E6B-1DD44A705B82} = {65781F0F-1563-42F1-97C7-6EE4AAF444FC}
		{4E321640-7F42-41F7-9C92-BDEE80E75ABA} = {98CF520A-C5D1-4014-9E6B-1DD44A705B82}
		{0AF47C4D-5211-470F-827A-0BC74E762E07} = {98CF520A-C5D1-4014-9E6B-1DD44A705B82}
		{BE7E065E-B82D-449E-B7F2-DC1B2EB940A2} = {98CF520A-C5D1-4014-9E6B-1DD44A705B82}
		{8C18DCD3-14C3-4931-A7E3-06E8D75642A0} = {65781F0F-1563-42F1-97C7-6EE4AAF444FC}
		{2018CFA7-BE8A-4396-984C-ABA6BADD0BC5} = {8C18DCD3-14C3-4931-A7E3-06E8D75642A0}
		{EF8EC85E-1465-4670-89DE-37E567A5A093} = {40319800-92BF-4B7E-86C0-CD817E6CD769}
		{FD953141-221C-46F2-9BDA-2BE46A628FCE} = {40319800-92BF-4B7E-86C0-CD817E6CD769}
	EndGlobalSection
	GlobalSection(ExtensibilityGlobals) = postSolution
		SolutionGuid = {89D49F93-64B4-4D33-9470-B9DF2EA2FB6F}
	EndGlobalSection
EndGlobal
