
Microsoft Visual Studio Solution File, Format Version 12.00
# Visual Studio Version 17
VisualStudioVersion = 17.7.34031.279
MinimumVisualStudioVersion = 10.0.40219.1
Project("{2150E333-8FDC-42A3-9474-1A3956D46DE8}") = "src", "src", "{749EB492-48BC-4FC2-B9FD-80C0EBB65DDF}"
EndProject
Project("{2150E333-8FDC-42A3-9474-1A3956D46DE8}") = "test", "test", "{3543D088-E724-479D-B026-B0DD77F021FC}"
EndProject
Project("{2150E333-8FDC-42A3-9474-1A3956D46DE8}") = "API", "API", "{842DEAEE-1B46-40DA-B0D0-FCD9762E583A}"
EndProject
Project("{2150E333-8FDC-42A3-9474-1A3956D46DE8}") = "Core", "Core", "{AA115595-0349-475F-A6E1-EE1B5A179241}"
EndProject
Project("{2150E333-8FDC-42A3-9474-1A3956D46DE8}") = "Infrastructure", "Infrastructure", "{A8520852-91B4-4153-A702-A69B41FDDEBC}"
EndProject
Project("{9A19103F-16F7-4668-BE54-9A1E7A4F7556}") = "Porto.Application", "..\Porto.Application\Porto.Application.csproj", "{0D84EE00-2D30-4773-B6DD-7CEA89C36403}"
EndProject
Project("{9A19103F-16F7-4668-BE54-9A1E7A4F7556}") = "Porto.Domain", "..\Porto.Domain\Porto.Domain.csproj", "{032BE26C-BC07-4B14-BDDB-B92EF34A56C4}"
EndProject
Project("{9A19103F-16F7-4668-BE54-9A1E7A4F7556}") = "Porto.Infrastructure", "Porto.Infrastructure\Porto.Infrastructure.csproj", "{0E85D5EA-1BF8-43EE-A671-521427AC25CD}"
EndProject
Project("{9A19103F-16F7-4668-BE54-9A1E7A4F7556}") = "Porto.WebApi", "Porto.WebApi\Porto.WebApi.csproj", "{AB3B499A-CDEF-4846-8520-8BDFB607217F}"
EndProject
Project("{FAE04EC0-301F-11D3-BF4B-00C04F79EFBC}") = "Porto.Persistence", "Porto.Persistence\Porto.Persistence.csproj", "{3B1862CB-F222-465D-A1CE-B3942E99F231}"
EndProject
Global
	GlobalSection(SolutionConfigurationPlatforms) = preSolution
		Debug|Any CPU = Debug|Any CPU
		Release|Any CPU = Release|Any CPU
	EndGlobalSection
	GlobalSection(ProjectConfigurationPlatforms) = postSolution
		{0D84EE00-2D30-4773-B6DD-7CEA89C36403}.Debug|Any CPU.ActiveCfg = Debug|Any CPU
		{0D84EE00-2D30-4773-B6DD-7CEA89C36403}.Debug|Any CPU.Build.0 = Debug|Any CPU
		{0D84EE00-2D30-4773-B6DD-7CEA89C36403}.Release|Any CPU.ActiveCfg = Release|Any CPU
		{0D84EE00-2D30-4773-B6DD-7CEA89C36403}.Release|Any CPU.Build.0 = Release|Any CPU
		{032BE26C-BC07-4B14-BDDB-B92EF34A56C4}.Debug|Any CPU.ActiveCfg = Debug|Any CPU
		{032BE26C-BC07-4B14-BDDB-B92EF34A56C4}.Debug|Any CPU.Build.0 = Debug|Any CPU
		{032BE26C-BC07-4B14-BDDB-B92EF34A56C4}.Release|Any CPU.ActiveCfg = Release|Any CPU
		{032BE26C-BC07-4B14-BDDB-B92EF34A56C4}.Release|Any CPU.Build.0 = Release|Any CPU
		{0E85D5EA-1BF8-43EE-A671-521427AC25CD}.Debug|Any CPU.ActiveCfg = Debug|Any CPU
		{0E85D5EA-1BF8-43EE-A671-521427AC25CD}.Debug|Any CPU.Build.0 = Debug|Any CPU
		{0E85D5EA-1BF8-43EE-A671-521427AC25CD}.Release|Any CPU.ActiveCfg = Release|Any CPU
		{0E85D5EA-1BF8-43EE-A671-521427AC25CD}.Release|Any CPU.Build.0 = Release|Any CPU
		{AB3B499A-CDEF-4846-8520-8BDFB607217F}.Debug|Any CPU.ActiveCfg = Debug|Any CPU
		{AB3B499A-CDEF-4846-8520-8BDFB607217F}.Debug|Any CPU.Build.0 = Debug|Any CPU
		{AB3B499A-CDEF-4846-8520-8BDFB607217F}.Release|Any CPU.ActiveCfg = Release|Any CPU
		{AB3B499A-CDEF-4846-8520-8BDFB607217F}.Release|Any CPU.Build.0 = Release|Any CPU
		{3B1862CB-F222-465D-A1CE-B3942E99F231}.Debug|Any CPU.ActiveCfg = Debug|Any CPU
		{3B1862CB-F222-465D-A1CE-B3942E99F231}.Debug|Any CPU.Build.0 = Debug|Any CPU
		{3B1862CB-F222-465D-A1CE-B3942E99F231}.Release|Any CPU.ActiveCfg = Release|Any CPU
		{3B1862CB-F222-465D-A1CE-B3942E99F231}.Release|Any CPU.Build.0 = Release|Any CPU
	EndGlobalSection
	GlobalSection(SolutionProperties) = preSolution
		HideSolutionNode = FALSE
	EndGlobalSection
	GlobalSection(NestedProjects) = preSolution
		{842DEAEE-1B46-40DA-B0D0-FCD9762E583A} = {749EB492-48BC-4FC2-B9FD-80C0EBB65DDF}
		{AA115595-0349-475F-A6E1-EE1B5A179241} = {749EB492-48BC-4FC2-B9FD-80C0EBB65DDF}
		{A8520852-91B4-4153-A702-A69B41FDDEBC} = {749EB492-48BC-4FC2-B9FD-80C0EBB65DDF}
		{0D84EE00-2D30-4773-B6DD-7CEA89C36403} = {AA115595-0349-475F-A6E1-EE1B5A179241}
		{032BE26C-BC07-4B14-BDDB-B92EF34A56C4} = {AA115595-0349-475F-A6E1-EE1B5A179241}
		{0E85D5EA-1BF8-43EE-A671-521427AC25CD} = {A8520852-91B4-4153-A702-A69B41FDDEBC}
		{AB3B499A-CDEF-4846-8520-8BDFB607217F} = {842DEAEE-1B46-40DA-B0D0-FCD9762E583A}
		{3B1862CB-F222-465D-A1CE-B3942E99F231} = {A8520852-91B4-4153-A702-A69B41FDDEBC}
	EndGlobalSection
	GlobalSection(ExtensibilityGlobals) = postSolution
		SolutionGuid = {0FC0FDB6-4E15-4628-A348-6F86AF712D3F}
	EndGlobalSection
EndGlobal
